
Microsoft Visual Studio Solution File, Format Version 12.00
# Visual Studio Version 16
VisualStudioVersion = 16.0.32510.428
MinimumVisualStudioVersion = 10.0.40219.1
Project("{FAE04EC0-301F-11D3-BF4B-00C04F79EFBC}") = "DemoApi", "DemoApi.csproj", "{F563B312-F7FC-4729-B0EC-482C9F659E64}"
EndProject
Global
	GlobalSection(SolutionConfigurationPlatforms) = preSolution
		Debug|Any CPU = Debug|Any CPU
		Release|Any CPU = Release|Any CPU
	EndGlobalSection
	GlobalSection(ProjectConfigurationPlatforms) = postSolution
		{F563B312-F7FC-4729-B0EC-482C9F659E64}.Debug|Any CPU.ActiveCfg = Debug|Any CPU
		{F563B312-F7FC-4729-B0EC-482C9F659E64}.Debug|Any CPU.Build.0 = Debug|Any CPU
		{F563B312-F7FC-4729-B0EC-482C9F659E64}.Release|Any CPU.ActiveCfg = Release|Any CPU
		{F563B312-F7FC-4729-B0EC-482C9F659E64}.Release|Any CPU.Build.0 = Release|Any CPU
	EndGlobalSection
	GlobalSection(SolutionProperties) = preSolution
		HideSolutionNode = FALSE
	EndGlobalSection
	GlobalSection(ExtensibilityGlobals) = postSolution
		SolutionGuid = {52934A74-9833-4AE6-A510-B509F67E64AF}
	EndGlobalSection
EndGlobal
