
Microsoft Visual Studio Solution File, Format Version 12.00
# Visual Studio Version 17
VisualStudioVersion = 17.6.33829.357
MinimumVisualStudioVersion = 10.0.40219.1
Project("{FAE04EC0-301F-11D3-BF4B-00C04F79EFBC}") = "MvcMovie", "MvcMovie\MvcMovie.csproj", "{528CCE65-EB56-4F47-97BA-807FFAB477DB}"
EndProject
Global
	GlobalSection(SolutionConfigurationPlatforms) = preSolution
		Debug|Any CPU = Debug|Any CPU
		Release|Any CPU = Release|Any CPU
	EndGlobalSection
	GlobalSection(ProjectConfigurationPlatforms) = postSolution
		{528CCE65-EB56-4F47-97BA-807FFAB477DB}.Debug|Any CPU.ActiveCfg = Debug|Any CPU
		{528CCE65-EB56-4F47-97BA-807FFAB477DB}.Debug|Any CPU.Build.0 = Debug|Any CPU
		{528CCE65-EB56-4F47-97BA-807FFAB477DB}.Release|Any CPU.ActiveCfg = Release|Any CPU
		{528CCE65-EB56-4F47-97BA-807FFAB477DB}.Release|Any CPU.Build.0 = Release|Any CPU
	EndGlobalSection
	GlobalSection(SolutionProperties) = preSolution
		HideSolutionNode = FALSE
	EndGlobalSection
	GlobalSection(ExtensibilityGlobals) = postSolution
		SolutionGuid = {13D30F99-602D-46F5-848E-E0A3814FDE2C}
	EndGlobalSection
EndGlobal
