
Microsoft Visual Studio Solution File, Format Version 12.00
# Visual Studio Version 17
VisualStudioVersion = 17.5.33530.505
MinimumVisualStudioVersion = 10.0.40219.1
Project("{FAE04EC0-301F-11D3-BF4B-00C04F79EFBC}") = "TodoApi", "TodoApi\TodoApi.csproj", "{3456A2D1-1794-417D-BA62-024E41D9995E}"
EndProject
Global
	GlobalSection(SolutionConfigurationPlatforms) = preSolution
		Debug|Any CPU = Debug|Any CPU
		Release|Any CPU = Release|Any CPU
	EndGlobalSection
	GlobalSection(ProjectConfigurationPlatforms) = postSolution
		{3456A2D1-1794-417D-BA62-024E41D9995E}.Debug|Any CPU.ActiveCfg = Debug|Any CPU
		{3456A2D1-1794-417D-BA62-024E41D9995E}.Debug|Any CPU.Build.0 = Debug|Any CPU
		{3456A2D1-1794-417D-BA62-024E41D9995E}.Release|Any CPU.ActiveCfg = Release|Any CPU
		{3456A2D1-1794-417D-BA62-024E41D9995E}.Release|Any CPU.Build.0 = Release|Any CPU
	EndGlobalSection
	GlobalSection(SolutionProperties) = preSolution
		HideSolutionNode = FALSE
	EndGlobalSection
	GlobalSection(ExtensibilityGlobals) = postSolution
		SolutionGuid = {5FC11C57-D1B1-41EC-8857-1D2AA990EEC4}
	EndGlobalSection
EndGlobal
